<?xml version="1.0" encoding="utf-8"?>
<Project ToolsVersion="4.0" xmlns="http://schemas.microsoft.com/developer/msbuild/2003">
  <ItemGroup>
    <Filter Include="Файлы исходного кода">
      <UniqueIdentifier>{4FC737F1-C7A5-4376-A066-2A32D752A2FF}</UniqueIdentifier>
      <Extensions>cpp;c;cc;cxx;def;odl;idl;hpj;bat;asm;asmx</Extensions>
    </Filter>
    <Filter Include="Заголовочные файлы">
      <UniqueIdentifier>{93995380-89BD-4b04-88EB-625FBE52EBFB}</UniqueIdentifier>
      <Extensions>h;hh;hpp;hxx;hm;inl;inc;xsd</Extensions>
    </Filter>
    <Filter Include="Файлы ресурсов">
      <UniqueIdentifier>{67DA6AB6-F800-4c08-8B7A-83BB121AAD01}</UniqueIdentifier>
      <Extensions>rc;ico;cur;bmp;dlg;rc2;rct;bin;rgs;gif;jpg;jpeg;jpe;resx;tiff;tif;png;wav;mfcribbon-ms</Extensions>
    </Filter>
    <Filter Include="Файлы исходного кода\PRIMITIVEStest">
      <UniqueIdentifier>{1356a2ad-0e94-45d9-9e99-c48189526524}</UniqueIdentifier>
    </Filter>
    <Filter Include="Файлы исходного кода\PRIMITIVEStest\Heads">
      <UniqueIdentifier>{88da2d37-9b71-43b2-81dc-1a5cfe1e99c7}</UniqueIdentifier>
    </Filter>
    <Filter Include="Файлы исходного кода\PRIMITIVEStest\Bodys">
      <UniqueIdentifier>{5797842c-8530-45a4-89e8-a66e4a899474}</UniqueIdentifier>
    </Filter>
  </ItemGroup>
  <ItemGroup>
    <ClInclude Include="_tools.h">
      <Filter>Заголовочные файлы</Filter>
    </ClInclude>
    <ClInclude Include="stdafx.h">
      <Filter>Заголовочные файлы</Filter>
    </ClInclude>
    <ClInclude Include="cConsole.h">
      <Filter>Заголовочные файлы</Filter>
    </ClInclude>
    <ClInclude Include="cEnvironment.h">
      <Filter>Заголовочные файлы</Filter>
    </ClInclude>
    <ClInclude Include="cFont.h">
      <Filter>Заголовочные файлы</Filter>
    </ClInclude>
    <ClInclude Include="cMain.h">
      <Filter>Заголовочные файлы</Filter>
    </ClInclude>
    <ClInclude Include="cMainCharacter.h">
      <Filter>Заголовочные файлы</Filter>
    </ClInclude>
    <ClInclude Include="cSDL_Setup.h">
      <Filter>Заголовочные файлы</Filter>
    </ClInclude>
    <ClInclude Include="cSprite.h">
      <Filter>Заголовочные файлы</Filter>
    </ClInclude>
    <ClInclude Include="cTree.h">
      <Filter>Заголовочные файлы</Filter>
    </ClInclude>
    <ClInclude Include="cCollisionRectangle.h">
      <Filter>Заголовочные файлы</Filter>
    </ClInclude>
    <ClInclude Include="cVariables.hpp">
      <Filter>Заголовочные файлы</Filter>
    </ClInclude>
    <ClInclude Include="PRIMITIVEStest\zllDodecaedru.h">
      <Filter>Файлы исходного кода\PRIMITIVEStest\Heads</Filter>
    </ClInclude>
    <ClInclude Include="PRIMITIVEStest\zllGeometricObj.h">
      <Filter>Файлы исходного кода\PRIMITIVEStest\Heads</Filter>
    </ClInclude>
    <ClInclude Include="PRIMITIVEStest\zllPrimitives.h">
      <Filter>Файлы исходного кода\PRIMITIVEStest\Heads</Filter>
    </ClInclude>
    <ClInclude Include="PRIMITIVEStest\zllViewPort.h">
      <Filter>Файлы исходного кода\PRIMITIVEStest\Heads</Filter>
    </ClInclude>
    <ClInclude Include="PRIMITIVEStest\zllWorldCoord.h">
      <Filter>Файлы исходного кода\PRIMITIVEStest\Heads</Filter>
    </ClInclude>
    <ClInclude Include="PRIMITIVEStest\zllWorldSpace.h">
      <Filter>Файлы исходного кода\PRIMITIVEStest\Heads</Filter>
    </ClInclude>
    <ClInclude Include="PRIMITIVEStest\zllTest.h">
      <Filter>Файлы исходного кода\PRIMITIVEStest\Heads</Filter>
    </ClInclude>
  </ItemGroup>
  <ItemGroup>
    <ClCompile Include="_tools.cpp">
      <Filter>Файлы исходного кода</Filter>
    </ClCompile>
    <ClCompile Include="HELP.cpp">
      <Filter>Файлы исходного кода</Filter>
    </ClCompile>
    <ClCompile Include="stdafx.cpp">
      <Filter>Файлы исходного кода</Filter>
    </ClCompile>
    <ClCompile Include="cMain.cpp">
      <Filter>Файлы исходного кода</Filter>
    </ClCompile>
    <ClCompile Include="cTree.cpp">
      <Filter>Файлы исходного кода</Filter>
    </ClCompile>
    <ClCompile Include="RPG.cpp">
      <Filter>Файлы исходного кода</Filter>
    </ClCompile>
    <ClCompile Include="cCollisionRectangle.cpp">
      <Filter>Файлы исходного кода</Filter>
    </ClCompile>
    <ClCompile Include="cConsole.cpp">
      <Filter>Файлы исходного кода</Filter>
    </ClCompile>
    <ClCompile Include="cEnvironment.cpp">
      <Filter>Файлы исходного кода</Filter>
    </ClCompile>
    <ClCompile Include="cFont.cpp">
      <Filter>Файлы исходного кода</Filter>
    </ClCompile>
    <ClCompile Include="cSDL_Setup.cpp">
      <Filter>Файлы исходного кода</Filter>
    </ClCompile>
    <ClCompile Include="cMainCharacter.cpp">
      <Filter>Файлы исходного кода</Filter>
    </ClCompile>
    <ClCompile Include="cSprite.cpp">
      <Filter>Файлы исходного кода</Filter>
    </ClCompile>
    <ClCompile Include="PRIMITIVEStest\zllDodecaedru.cpp">
      <Filter>Файлы исходного кода\PRIMITIVEStest\Bodys</Filter>
    </ClCompile>
    <ClCompile Include="PRIMITIVEStest\zllGeometricObj.cpp">
      <Filter>Файлы исходного кода\PRIMITIVEStest\Bodys</Filter>
    </ClCompile>
    <ClCompile Include="PRIMITIVEStest\zllPrimitives.cpp">
      <Filter>Файлы исходного кода\PRIMITIVEStest\Bodys</Filter>
    </ClCompile>
    <ClCompile Include="PRIMITIVEStest\zllViewPort.cpp">
      <Filter>Файлы исходного кода\PRIMITIVEStest\Bodys</Filter>
    </ClCompile>
    <ClCompile Include="PRIMITIVEStest\zllWorldCoord.cpp">
      <Filter>Файлы исходного кода\PRIMITIVEStest\Bodys</Filter>
    </ClCompile>
    <ClCompile Include="PRIMITIVEStest\zllWorldSpace.cpp">
      <Filter>Файлы исходного кода\PRIMITIVEStest\Bodys</Filter>
    </ClCompile>
    <ClCompile Include="PRIMITIVEStest\zllTest.cpp">
      <Filter>Файлы исходного кода\PRIMITIVEStest\Bodys</Filter>
    </ClCompile>
  </ItemGroup>
  <ItemGroup>
    <None Include="ClassDiagram.cd" />
  </ItemGroup>
</Project>